version = 1
revision = 2
requires-python = ">=3.13"

[[package]]
name = "darkdetect"
version = "0.8.0"
source = { registry = "https://pypi.org/simple" }
sdist = { url = "https://files.pythonhosted.org/packages/45/77/7575be73bf12dee231d0c6e60ce7fb7a7be4fcd58823374fc59a6e48262e/darkdetect-0.8.0.tar.gz", hash = "sha256:b5428e1170263eb5dea44c25dc3895edd75e6f52300986353cd63533fe7df8b1", size = 7681, upload-time = "2022-12-16T14:14:42.113Z" }
wheels = [
    { url = "https://files.pythonhosted.org/packages/f2/f2/728f041460f1b9739b85ee23b45fa5a505962ea11fd85bdbe2a02b021373/darkdetect-0.8.0-py3-none-any.whl", hash = "sha256:a7509ccf517eaad92b31c214f593dbcf138ea8a43b2935406bbd565e15527a85", size = 8955, upload-time = "2022-12-16T14:14:40.92Z" },
]

[[package]]
name = "pywinstyles"
version = "1.8"
source = { registry = "https://pypi.org/simple" }
sdist = { url = "https://files.pythonhosted.org/packages/09/5b/c3356335b7f60a940c3e9c1aa6f3b6407af10b26c763739933c500937dbe/pywinstyles-1.8.tar.gz", hash = "sha256:7a087b1f45ef8d572b440712817dbbef8ae90793ab7fcc51b060851d2d6f301c", size = 10514, upload-time = "2024-04-22T06:18:18.065Z" }
wheels = [
    { url = "https://files.pythonhosted.org/packages/99/37/be473b2d3bde387ef39e57b3ebabadfaaf0627333814e0c3813dac686f5e/pywinstyles-1.8-py3-none-any.whl", hash = "sha256:17d89c6bc91569b676b71c00400ec958548302809858966c4cf447bb16a7e407", size = 10535, upload-time = "2024-04-22T06:18:15.816Z" },
]

[[package]]
name = "springclean"
version = "0.1.0"
source = { virtual = "." }
dependencies = [
    { name = "darkdetect" },
    { name = "pywinstyles" },
    { name = "sv-ttk" },
]

[package.metadata]
requires-dist = [
    { name = "darkdetect", specifier = ">=0.8.0" },
    { name = "pywinstyles", specifier = ">=1.8" },
    { name = "sv-ttk", specifier = ">=2.6.1" },
]

[[package]]
name = "sv-ttk"
version = "2.6.1"
source = { registry = "https://pypi.org/simple" }
sdist = { url = "https://files.pythonhosted.org/packages/4e/ca/9625914e7a7e58ce9f0d8d6a5eb29975bab077ce58a36cf86f863d188cd3/sv_ttk-2.6.1.tar.gz", hash = "sha256:47589d5e20398cf404e8362f24f3ed48f3830cd0ace056d83354fa25d8e4fe48", size = 49640, upload-time = "2025-06-08T16:14:21.333Z" }
wheels = [
    { url = "https://files.pythonhosted.org/packages/5b/36/32629d8bab9bccd54a36716a960ba1148fca4c1fd453370dba0b42d712ea/sv_ttk-2.6.1-py3-none-any.whl", hash = "sha256:8ca5944f95431a911986b00c54e7f44608f3f811382cd985fd14bb3e65f95d97", size = 50076, upload-time = "2025-06-08T16:14:20.402Z" },
]
